
Microsoft Visual Studio Solution File, Format Version 12.00
# Visual Studio Version 17
VisualStudioVersion = 17.12.35527.113
MinimumVisualStudioVersion = 10.0.40219.1
Project("{FAE04EC0-301F-11D3-BF4B-00C04F79EFBC}") = "Medical.Domain", "Medical.Domain\Medical.Domain.csproj", "{19E7243E-3C8C-419C-9093-2300F09CE701}"
EndProject
Project("{2150E333-8FDC-42A3-9474-1A3956D46DE8}") = "src", "src", "{6F868E2C-B0D6-402A-8FFE-C5B8817BD40A}"
EndProject
Project("{2150E333-8FDC-42A3-9474-1A3956D46DE8}") = "test", "test", "{546E0E96-37A3-4FE1-91C4-107B83B6B543}"
EndProject
Project("{FAE04EC0-301F-11D3-BF4B-00C04F79EFBC}") = "Medical.Application", "Medical.Application\Medical.Application.csproj", "{C5ECAF8A-FE2D-49A8-B8B0-A77D3A4AF96F}"
EndProject
Project("{FAE04EC0-301F-11D3-BF4B-00C04F79EFBC}") = "Medical.Infrastructure", "Medical.Infrastructure\Medical.Infrastructure.csproj", "{9EF54A2A-6A2D-4EAA-99DE-101BBBB0D277}"
EndProject
Project("{FAE04EC0-301F-11D3-BF4B-00C04F79EFBC}") = "Medical.Contracts", "Medical.Contracts\Medical.Contracts.csproj", "{04ED0805-CAA1-4E8F-8BED-6DC40CB5764C}"
EndProject
Project("{FAE04EC0-301F-11D3-BF4B-00C04F79EFBC}") = "Medical.Api", "Medical.Api\Medical.Api.csproj", "{9EDD3FA0-E6AD-465D-8C8B-128A2293F76A}"
EndProject
Project("{2150E333-8FDC-42A3-9474-1A3956D46DE8}") = "BD", "BD", "{80362C80-71C7-4346-B60D-174E43228B48}"
	ProjectSection(SolutionItems) = preProject
		Scripts\Create DB.sql = Scripts\Create DB.sql
		Scripts\pGetDoctorById.sql = Scripts\pGetDoctorById.sql
		Scripts\pSearchDoctorsBySpecialty.sql = Scripts\pSearchDoctorsBySpecialty.sql
	EndProjectSection
EndProject
Global
	GlobalSection(SolutionConfigurationPlatforms) = preSolution
		Debug|Any CPU = Debug|Any CPU
		Release|Any CPU = Release|Any CPU
	EndGlobalSection
	GlobalSection(ProjectConfigurationPlatforms) = postSolution
		{19E7243E-3C8C-419C-9093-2300F09CE701}.Debug|Any CPU.ActiveCfg = Debug|Any CPU
		{19E7243E-3C8C-419C-9093-2300F09CE701}.Debug|Any CPU.Build.0 = Debug|Any CPU
		{19E7243E-3C8C-419C-9093-2300F09CE701}.Release|Any CPU.ActiveCfg = Release|Any CPU
		{19E7243E-3C8C-419C-9093-2300F09CE701}.Release|Any CPU.Build.0 = Release|Any CPU
		{C5ECAF8A-FE2D-49A8-B8B0-A77D3A4AF96F}.Debug|Any CPU.ActiveCfg = Debug|Any CPU
		{C5ECAF8A-FE2D-49A8-B8B0-A77D3A4AF96F}.Debug|Any CPU.Build.0 = Debug|Any CPU
		{C5ECAF8A-FE2D-49A8-B8B0-A77D3A4AF96F}.Release|Any CPU.ActiveCfg = Release|Any CPU
		{C5ECAF8A-FE2D-49A8-B8B0-A77D3A4AF96F}.Release|Any CPU.Build.0 = Release|Any CPU
		{9EF54A2A-6A2D-4EAA-99DE-101BBBB0D277}.Debug|Any CPU.ActiveCfg = Debug|Any CPU
		{9EF54A2A-6A2D-4EAA-99DE-101BBBB0D277}.Debug|Any CPU.Build.0 = Debug|Any CPU
		{9EF54A2A-6A2D-4EAA-99DE-101BBBB0D277}.Release|Any CPU.ActiveCfg = Release|Any CPU
		{9EF54A2A-6A2D-4EAA-99DE-101BBBB0D277}.Release|Any CPU.Build.0 = Release|Any CPU
		{04ED0805-CAA1-4E8F-8BED-6DC40CB5764C}.Debug|Any CPU.ActiveCfg = Debug|Any CPU
		{04ED0805-CAA1-4E8F-8BED-6DC40CB5764C}.Debug|Any CPU.Build.0 = Debug|Any CPU
		{04ED0805-CAA1-4E8F-8BED-6DC40CB5764C}.Release|Any CPU.ActiveCfg = Release|Any CPU
		{04ED0805-CAA1-4E8F-8BED-6DC40CB5764C}.Release|Any CPU.Build.0 = Release|Any CPU
		{9EDD3FA0-E6AD-465D-8C8B-128A2293F76A}.Debug|Any CPU.ActiveCfg = Debug|Any CPU
		{9EDD3FA0-E6AD-465D-8C8B-128A2293F76A}.Debug|Any CPU.Build.0 = Debug|Any CPU
		{9EDD3FA0-E6AD-465D-8C8B-128A2293F76A}.Release|Any CPU.ActiveCfg = Release|Any CPU
		{9EDD3FA0-E6AD-465D-8C8B-128A2293F76A}.Release|Any CPU.Build.0 = Release|Any CPU
	EndGlobalSection
	GlobalSection(SolutionProperties) = preSolution
		HideSolutionNode = FALSE
	EndGlobalSection
	GlobalSection(NestedProjects) = preSolution
		{19E7243E-3C8C-419C-9093-2300F09CE701} = {6F868E2C-B0D6-402A-8FFE-C5B8817BD40A}
		{C5ECAF8A-FE2D-49A8-B8B0-A77D3A4AF96F} = {6F868E2C-B0D6-402A-8FFE-C5B8817BD40A}
		{9EF54A2A-6A2D-4EAA-99DE-101BBBB0D277} = {6F868E2C-B0D6-402A-8FFE-C5B8817BD40A}
		{04ED0805-CAA1-4E8F-8BED-6DC40CB5764C} = {6F868E2C-B0D6-402A-8FFE-C5B8817BD40A}
		{9EDD3FA0-E6AD-465D-8C8B-128A2293F76A} = {6F868E2C-B0D6-402A-8FFE-C5B8817BD40A}
	EndGlobalSection
EndGlobal
